
Microsoft Visual Studio Solution File, Format Version 12.00
# Visual Studio Version 17
VisualStudioVersion = 17.12.35707.178 d17.12
MinimumVisualStudioVersion = 10.0.40219.1
Project("{FAE04EC0-301F-11D3-BF4B-00C04F79EFBC}") = "Presentation", "Presentation\Presentation.csproj", "{425C35C6-D917-416A-AB50-BAB73E8242BD}"
EndProject
Project("{FAE04EC0-301F-11D3-BF4B-00C04F79EFBC}") = "Domain", "Domain\Domain.csproj", "{326DC983-3542-4D4E-AC17-DEB11E049067}"
EndProject
Project("{FAE04EC0-301F-11D3-BF4B-00C04F79EFBC}") = "Application", "Application\Application.csproj", "{503E2336-95DB-46C1-8ED3-790326FE811D}"
EndProject
Project("{FAE04EC0-301F-11D3-BF4B-00C04F79EFBC}") = "Common", "Common\Common.csproj", "{06C6E5B8-54CE-4C1A-818D-0966670AB235}"
EndProject
Global
	GlobalSection(SolutionConfigurationPlatforms) = preSolution
		Debug|Any CPU = Debug|Any CPU
		Release|Any CPU = Release|Any CPU
	EndGlobalSection
	GlobalSection(ProjectConfigurationPlatforms) = postSolution
		{425C35C6-D917-416A-AB50-BAB73E8242BD}.Debug|Any CPU.ActiveCfg = Debug|Any CPU
		{425C35C6-D917-416A-AB50-BAB73E8242BD}.Debug|Any CPU.Build.0 = Debug|Any CPU
		{425C35C6-D917-416A-AB50-BAB73E8242BD}.Release|Any CPU.ActiveCfg = Release|Any CPU
		{425C35C6-D917-416A-AB50-BAB73E8242BD}.Release|Any CPU.Build.0 = Release|Any CPU
		{326DC983-3542-4D4E-AC17-DEB11E049067}.Debug|Any CPU.ActiveCfg = Debug|Any CPU
		{326DC983-3542-4D4E-AC17-DEB11E049067}.Debug|Any CPU.Build.0 = Debug|Any CPU
		{326DC983-3542-4D4E-AC17-DEB11E049067}.Release|Any CPU.ActiveCfg = Release|Any CPU
		{326DC983-3542-4D4E-AC17-DEB11E049067}.Release|Any CPU.Build.0 = Release|Any CPU
		{503E2336-95DB-46C1-8ED3-790326FE811D}.Debug|Any CPU.ActiveCfg = Debug|Any CPU
		{503E2336-95DB-46C1-8ED3-790326FE811D}.Debug|Any CPU.Build.0 = Debug|Any CPU
		{503E2336-95DB-46C1-8ED3-790326FE811D}.Release|Any CPU.ActiveCfg = Release|Any CPU
		{503E2336-95DB-46C1-8ED3-790326FE811D}.Release|Any CPU.Build.0 = Release|Any CPU
		{06C6E5B8-54CE-4C1A-818D-0966670AB235}.Debug|Any CPU.ActiveCfg = Debug|Any CPU
		{06C6E5B8-54CE-4C1A-818D-0966670AB235}.Debug|Any CPU.Build.0 = Debug|Any CPU
		{06C6E5B8-54CE-4C1A-818D-0966670AB235}.Release|Any CPU.ActiveCfg = Release|Any CPU
		{06C6E5B8-54CE-4C1A-818D-0966670AB235}.Release|Any CPU.Build.0 = Release|Any CPU
	EndGlobalSection
	GlobalSection(SolutionProperties) = preSolution
		HideSolutionNode = FALSE
	EndGlobalSection
EndGlobal
